
Microsoft Visual Studio Solution File, Format Version 12.00
# Visual Studio Version 16
VisualStudioVersion = 16.0.33927.289
MinimumVisualStudioVersion = 10.0.40219.1
Project("{2150E333-8FDC-42A3-9474-1A3956D46DE8}") = "Task0", "Task0", "{296C342B-806F-460E-A1AD-43C8A5570BD8}"
EndProject
Project("{FAE04EC0-301F-11D3-BF4B-00C04F79EFBC}") = "Tyuiu.KulmametovZR.Sprint0.Task0.V0", "Tyuiu.KulmametovZR.Sprint0.Task0.V0\Tyuiu.KulmametovZR.Sprint0.Task0.V0.csproj", "{1F385146-222E-403F-A54B-EA026AD9BE1D}"
EndProject
Project("{2150E333-8FDC-42A3-9474-1A3956D46DE8}") = "Task1", "Task1", "{8D975DA9-1047-4B87-9BD1-942018270E11}"
EndProject
Project("{FAE04EC0-301F-11D3-BF4B-00C04F79EFBC}") = "Tyuiu.KulmametovZR.Sprint0.Task1.V0", "Tyuiu.KulmametovZR.Sprint0.Task1.V0\Tyuiu.KulmametovZR.Sprint0.Task1.V0.csproj", "{35950D56-C411-485E-9FE9-979DCD22468B}"
EndProject
Project("{2150E333-8FDC-42A3-9474-1A3956D46DE8}") = "Task2", "Task2", "{547BFAC2-0A46-4DAE-B3F7-1B24CA168A72}"
EndProject
Project("{FAE04EC0-301F-11D3-BF4B-00C04F79EFBC}") = "Tyuiu.KulmametovZR.Sprint0.Task2.V0", "Tyuiu.KulmametovZR.Sprint0.Task2.V0\Tyuiu.KulmametovZR.Sprint0.Task2.V0.csproj", "{6206E65B-25E0-4321-B549-3DE16B5BCB63}"
EndProject
Project("{FAE04EC0-301F-11D3-BF4B-00C04F79EFBC}") = "Tyuiu.KulmametovZR.Sprint0.Task2.V0.Lib", "Tyuiu.KulmametovZR.Sprint0.Task2.V0.Lib\Tyuiu.KulmametovZR.Sprint0.Task2.V0.Lib.csproj", "{E9013795-FA97-42D4-A5CF-C6042F37A7D6}"
EndProject
Project("{FAE04EC0-301F-11D3-BF4B-00C04F79EFBC}") = "Tyuiu.KulmametovZR.Sprint0.Task2.V0.Test", "Tyuiu.KulmametovZR.Sprint0.Task2.V0.Test\Tyuiu.KulmametovZR.Sprint0.Task2.V0.Test.csproj", "{9CEDFE05-69F9-4BD5-A592-78919E2C5583}"
EndProject
Project("{2150E333-8FDC-42A3-9474-1A3956D46DE8}") = "Task3", "Task3", "{A18F5E67-5823-4981-BF82-2C7D13C9D654}"
EndProject
Project("{FAE04EC0-301F-11D3-BF4B-00C04F79EFBC}") = "Tyuiu.KulmametovZR.Sprint0.Task3.V0", "Tyuiu.KulmametovZR.Sprint0.Task3.V0\Tyuiu.KulmametovZR.Sprint0.Task3.V0.csproj", "{15CF17A7-689D-4919-9643-C5CAE2A5F5E2}"
EndProject
Project("{FAE04EC0-301F-11D3-BF4B-00C04F79EFBC}") = "Tyuiu.KulmametovZR.Sprint0.Task3.V0.Lib", "Tyuiu.KulmametovZR.Sprint0.Task3.V0.Lib\Tyuiu.KulmametovZR.Sprint0.Task3.V0.Lib.csproj", "{1A448FEF-69BD-44CA-A4BC-0FA103420EF1}"
EndProject
Project("{FAE04EC0-301F-11D3-BF4B-00C04F79EFBC}") = "Tyuiu.KulmametovZR.Sprint0.Task3.V0.Test", "Tyuiu.KulmametovZR.Sprint0.Task3.V0.Test\Tyuiu.KulmametovZR.Sprint0.Task3.V0.Test.csproj", "{FA94D4A4-7B45-4D48-A91E-CE706015EA96}"
EndProject
Project("{2150E333-8FDC-42A3-9474-1A3956D46DE8}") = "Task4", "Task4", "{82EDDED6-ECB4-455D-86F0-B7CEAE4A31F0}"
EndProject
Project("{FAE04EC0-301F-11D3-BF4B-00C04F79EFBC}") = "Tyuiu.KulmametovZR.Sprint0.Task4.V0", "Tyuiu.KulmametovZR.Sprint0.Task4\Tyuiu.KulmametovZR.Sprint0.Task4.V0.csproj", "{56B61C66-200F-4F88-9286-40E1E844D4F9}"
EndProject
Project("{FAE04EC0-301F-11D3-BF4B-00C04F79EFBC}") = "Tyuiu.KulmametovZR.Sprint0.Task4.V0.Lib", "Tyuiu.KulmametovZR.Sprint0.Task4.Lib\Tyuiu.KulmametovZR.Sprint0.Task4.V0.Lib.csproj", "{B6C71A72-58E0-4AE3-A83B-E28E2045BB6E}"
EndProject
Project("{FAE04EC0-301F-11D3-BF4B-00C04F79EFBC}") = "Tyuiu.KulmametovZR.Sprint0.Task4.V0.Test", "Tyuiu.KulmametovZR.Sprint0.Task4.Test\Tyuiu.KulmametovZR.Sprint0.Task4.V0.Test.csproj", "{E6C649DB-0107-4E05-9FA5-EBF2EF6E91B4}"
EndProject
Project("{2150E333-8FDC-42A3-9474-1A3956D46DE8}") = "Task5", "Task5", "{D77701F3-186D-43E0-8888-346E7EAF5DF7}"
EndProject
Project("{FAE04EC0-301F-11D3-BF4B-00C04F79EFBC}") = "Tyuiu.KulmametovZR.Sprint0.Task5.V0", "Tyuiu.KulmametovZR.Sprint0.Task5.V0\Tyuiu.KulmametovZR.Sprint0.Task5.V0.csproj", "{27A43917-A157-4B51-8E92-F4A2CA5BF50B}"
EndProject
Project("{FAE04EC0-301F-11D3-BF4B-00C04F79EFBC}") = "Tyuiu.KulmametovZR.Sprint0.Task5.V0.Lib", "Tyuiu.KulmametovZR.Sprint0.Task5.V0.Lib\Tyuiu.KulmametovZR.Sprint0.Task5.V0.Lib.csproj", "{3D6820C4-9518-4B37-A112-DFF7D8588D59}"
EndProject
Project("{FAE04EC0-301F-11D3-BF4B-00C04F79EFBC}") = "Tyuiu.KulmametovZR.Sprint0.Task5.V0.Test", "Tyuiu.KulmametovZR.Sprint0.Task5.V0.Test\Tyuiu.KulmametovZR.Sprint0.Task5.V0.Test.csproj", "{2ABC3DBD-9756-4273-A28E-1930E3DB8A87}"
EndProject
Project("{2150E333-8FDC-42A3-9474-1A3956D46DE8}") = "Task6", "Task6", "{0B475725-63AA-488F-9D1F-932408873404}"
EndProject
Project("{FAE04EC0-301F-11D3-BF4B-00C04F79EFBC}") = "Tyuiu.KulmametovZR.Sprint0.Task6.V0", "Tyuiu.KulmametovZR.Sprint0.Task6.V0\Tyuiu.KulmametovZR.Sprint0.Task6.V0.csproj", "{5FBCCF9D-15FE-4AD6-8679-3973876C03C6}"
EndProject
Project("{FAE04EC0-301F-11D3-BF4B-00C04F79EFBC}") = "Tyuiu.KulmametovZR.Sprint0.Task6.V0.Lib", "Tyuiu.KulmametovZR.Sprint0.Task6.V0.Lib\Tyuiu.KulmametovZR.Sprint0.Task6.V0.Lib.csproj", "{E4CE2B1A-8DDF-4D24-84DA-7E5B471AA379}"
EndProject
Project("{FAE04EC0-301F-11D3-BF4B-00C04F79EFBC}") = "Tyuiu.KulmametovZR.Sprint0.Task6.V0.Test", "Tyuiu.KulmametovZR.Sprint0.Task6.V0.Test\Tyuiu.KulmametovZR.Sprint0.Task6.V0.Test.csproj", "{1232C7FF-2007-48A2-9309-272C639DFADB}"
EndProject
Project("{2150E333-8FDC-42A3-9474-1A3956D46DE8}") = "Task7", "Task7", "{14E0DB30-4F9F-4554-9FE2-5B8DBD115524}"
EndProject
Project("{FAE04EC0-301F-11D3-BF4B-00C04F79EFBC}") = "Tyuiu.KulmametovZR.Sprint0.Task7.V0", "Tyuiu.KulmametovZR.Sprint0.Task7.V0\Tyuiu.KulmametovZR.Sprint0.Task7.V0.csproj", "{40B8F88F-6FA0-4605-AF2E-A88218584C1A}"
EndProject
Project("{FAE04EC0-301F-11D3-BF4B-00C04F79EFBC}") = "Tyuiu.KulmametovZR.Sprint0.Task7.V0.Lib", "Tyuiu.KulmametovZR.Sprint0.Task7.V0.Lib\Tyuiu.KulmametovZR.Sprint0.Task7.V0.Lib.csproj", "{7099ECDB-B441-4082-96C8-D586A354AACF}"
EndProject
Project("{FAE04EC0-301F-11D3-BF4B-00C04F79EFBC}") = "Tyuiu.KulmametovZR.Sprint0.Task7.V0.Test", "Tyuiu.KulmametovZR.Sprint0.Task7.V0.Test\Tyuiu.KulmametovZR.Sprint0.Task7.V0.Test.csproj", "{A76270A3-13A3-4FCE-BE75-0C3DFC7A6BE6}"
EndProject
Global
	GlobalSection(SolutionConfigurationPlatforms) = preSolution
		Debug|Any CPU = Debug|Any CPU
		Release|Any CPU = Release|Any CPU
	EndGlobalSection
	GlobalSection(ProjectConfigurationPlatforms) = postSolution
		{1F385146-222E-403F-A54B-EA026AD9BE1D}.Debug|Any CPU.ActiveCfg = Debug|Any CPU
		{1F385146-222E-403F-A54B-EA026AD9BE1D}.Debug|Any CPU.Build.0 = Debug|Any CPU
		{1F385146-222E-403F-A54B-EA026AD9BE1D}.Release|Any CPU.ActiveCfg = Release|Any CPU
		{1F385146-222E-403F-A54B-EA026AD9BE1D}.Release|Any CPU.Build.0 = Release|Any CPU
		{35950D56-C411-485E-9FE9-979DCD22468B}.Debug|Any CPU.ActiveCfg = Debug|Any CPU
		{35950D56-C411-485E-9FE9-979DCD22468B}.Debug|Any CPU.Build.0 = Debug|Any CPU
		{35950D56-C411-485E-9FE9-979DCD22468B}.Release|Any CPU.ActiveCfg = Release|Any CPU
		{35950D56-C411-485E-9FE9-979DCD22468B}.Release|Any CPU.Build.0 = Release|Any CPU
		{6206E65B-25E0-4321-B549-3DE16B5BCB63}.Debug|Any CPU.ActiveCfg = Debug|Any CPU
		{6206E65B-25E0-4321-B549-3DE16B5BCB63}.Debug|Any CPU.Build.0 = Debug|Any CPU
		{6206E65B-25E0-4321-B549-3DE16B5BCB63}.Release|Any CPU.ActiveCfg = Release|Any CPU
		{6206E65B-25E0-4321-B549-3DE16B5BCB63}.Release|Any CPU.Build.0 = Release|Any CPU
		{E9013795-FA97-42D4-A5CF-C6042F37A7D6}.Debug|Any CPU.ActiveCfg = Debug|Any CPU
		{E9013795-FA97-42D4-A5CF-C6042F37A7D6}.Debug|Any CPU.Build.0 = Debug|Any CPU
		{E9013795-FA97-42D4-A5CF-C6042F37A7D6}.Release|Any CPU.ActiveCfg = Release|Any CPU
		{E9013795-FA97-42D4-A5CF-C6042F37A7D6}.Release|Any CPU.Build.0 = Release|Any CPU
		{9CEDFE05-69F9-4BD5-A592-78919E2C5583}.Debug|Any CPU.ActiveCfg = Debug|Any CPU
		{9CEDFE05-69F9-4BD5-A592-78919E2C5583}.Debug|Any CPU.Build.0 = Debug|Any CPU
		{9CEDFE05-69F9-4BD5-A592-78919E2C5583}.Release|Any CPU.ActiveCfg = Release|Any CPU
		{9CEDFE05-69F9-4BD5-A592-78919E2C5583}.Release|Any CPU.Build.0 = Release|Any CPU
		{15CF17A7-689D-4919-9643-C5CAE2A5F5E2}.Debug|Any CPU.ActiveCfg = Debug|Any CPU
		{15CF17A7-689D-4919-9643-C5CAE2A5F5E2}.Debug|Any CPU.Build.0 = Debug|Any CPU
		{15CF17A7-689D-4919-9643-C5CAE2A5F5E2}.Release|Any CPU.ActiveCfg = Release|Any CPU
		{15CF17A7-689D-4919-9643-C5CAE2A5F5E2}.Release|Any CPU.Build.0 = Release|Any CPU
		{1A448FEF-69BD-44CA-A4BC-0FA103420EF1}.Debug|Any CPU.ActiveCfg = Debug|Any CPU
		{1A448FEF-69BD-44CA-A4BC-0FA103420EF1}.Debug|Any CPU.Build.0 = Debug|Any CPU
		{1A448FEF-69BD-44CA-A4BC-0FA103420EF1}.Release|Any CPU.ActiveCfg = Release|Any CPU
		{1A448FEF-69BD-44CA-A4BC-0FA103420EF1}.Release|Any CPU.Build.0 = Release|Any CPU
		{FA94D4A4-7B45-4D48-A91E-CE706015EA96}.Debug|Any CPU.ActiveCfg = Debug|Any CPU
		{FA94D4A4-7B45-4D48-A91E-CE706015EA96}.Debug|Any CPU.Build.0 = Debug|Any CPU
		{FA94D4A4-7B45-4D48-A91E-CE706015EA96}.Release|Any CPU.ActiveCfg = Release|Any CPU
		{FA94D4A4-7B45-4D48-A91E-CE706015EA96}.Release|Any CPU.Build.0 = Release|Any CPU
		{56B61C66-200F-4F88-9286-40E1E844D4F9}.Debug|Any CPU.ActiveCfg = Debug|Any CPU
		{56B61C66-200F-4F88-9286-40E1E844D4F9}.Debug|Any CPU.Build.0 = Debug|Any CPU
		{56B61C66-200F-4F88-9286-40E1E844D4F9}.Release|Any CPU.ActiveCfg = Release|Any CPU
		{56B61C66-200F-4F88-9286-40E1E844D4F9}.Release|Any CPU.Build.0 = Release|Any CPU
		{B6C71A72-58E0-4AE3-A83B-E28E2045BB6E}.Debug|Any CPU.ActiveCfg = Debug|Any CPU
		{B6C71A72-58E0-4AE3-A83B-E28E2045BB6E}.Debug|Any CPU.Build.0 = Debug|Any CPU
		{B6C71A72-58E0-4AE3-A83B-E28E2045BB6E}.Release|Any CPU.ActiveCfg = Release|Any CPU
		{B6C71A72-58E0-4AE3-A83B-E28E2045BB6E}.Release|Any CPU.Build.0 = Release|Any CPU
		{E6C649DB-0107-4E05-9FA5-EBF2EF6E91B4}.Debug|Any CPU.ActiveCfg = Debug|Any CPU
		{E6C649DB-0107-4E05-9FA5-EBF2EF6E91B4}.Debug|Any CPU.Build.0 = Debug|Any CPU
		{E6C649DB-0107-4E05-9FA5-EBF2EF6E91B4}.Release|Any CPU.ActiveCfg = Release|Any CPU
		{E6C649DB-0107-4E05-9FA5-EBF2EF6E91B4}.Release|Any CPU.Build.0 = Release|Any CPU
		{27A43917-A157-4B51-8E92-F4A2CA5BF50B}.Debug|Any CPU.ActiveCfg = Debug|Any CPU
		{27A43917-A157-4B51-8E92-F4A2CA5BF50B}.Debug|Any CPU.Build.0 = Debug|Any CPU
		{27A43917-A157-4B51-8E92-F4A2CA5BF50B}.Release|Any CPU.ActiveCfg = Release|Any CPU
		{27A43917-A157-4B51-8E92-F4A2CA5BF50B}.Release|Any CPU.Build.0 = Release|Any CPU
		{3D6820C4-9518-4B37-A112-DFF7D8588D59}.Debug|Any CPU.ActiveCfg = Debug|Any CPU
		{3D6820C4-9518-4B37-A112-DFF7D8588D59}.Debug|Any CPU.Build.0 = Debug|Any CPU
		{3D6820C4-9518-4B37-A112-DFF7D8588D59}.Release|Any CPU.ActiveCfg = Release|Any CPU
		{3D6820C4-9518-4B37-A112-DFF7D8588D59}.Release|Any CPU.Build.0 = Release|Any CPU
		{2ABC3DBD-9756-4273-A28E-1930E3DB8A87}.Debug|Any CPU.ActiveCfg = Debug|Any CPU
		{2ABC3DBD-9756-4273-A28E-1930E3DB8A87}.Debug|Any CPU.Build.0 = Debug|Any CPU
		{2ABC3DBD-9756-4273-A28E-1930E3DB8A87}.Release|Any CPU.ActiveCfg = Release|Any CPU
		{2ABC3DBD-9756-4273-A28E-1930E3DB8A87}.Release|Any CPU.Build.0 = Release|Any CPU
		{5FBCCF9D-15FE-4AD6-8679-3973876C03C6}.Debug|Any CPU.ActiveCfg = Debug|Any CPU
		{5FBCCF9D-15FE-4AD6-8679-3973876C03C6}.Debug|Any CPU.Build.0 = Debug|Any CPU
		{5FBCCF9D-15FE-4AD6-8679-3973876C03C6}.Release|Any CPU.ActiveCfg = Release|Any CPU
		{5FBCCF9D-15FE-4AD6-8679-3973876C03C6}.Release|Any CPU.Build.0 = Release|Any CPU
		{E4CE2B1A-8DDF-4D24-84DA-7E5B471AA379}.Debug|Any CPU.ActiveCfg = Debug|Any CPU
		{E4CE2B1A-8DDF-4D24-84DA-7E5B471AA379}.Debug|Any CPU.Build.0 = Debug|Any CPU
		{E4CE2B1A-8DDF-4D24-84DA-7E5B471AA379}.Release|Any CPU.ActiveCfg = Release|Any CPU
		{E4CE2B1A-8DDF-4D24-84DA-7E5B471AA379}.Release|Any CPU.Build.0 = Release|Any CPU
		{1232C7FF-2007-48A2-9309-272C639DFADB}.Debug|Any CPU.ActiveCfg = Debug|Any CPU
		{1232C7FF-2007-48A2-9309-272C639DFADB}.Debug|Any CPU.Build.0 = Debug|Any CPU
		{1232C7FF-2007-48A2-9309-272C639DFADB}.Release|Any CPU.ActiveCfg = Release|Any CPU
		{1232C7FF-2007-48A2-9309-272C639DFADB}.Release|Any CPU.Build.0 = Release|Any CPU
		{40B8F88F-6FA0-4605-AF2E-A88218584C1A}.Debug|Any CPU.ActiveCfg = Debug|Any CPU
		{40B8F88F-6FA0-4605-AF2E-A88218584C1A}.Debug|Any CPU.Build.0 = Debug|Any CPU
		{40B8F88F-6FA0-4605-AF2E-A88218584C1A}.Release|Any CPU.ActiveCfg = Release|Any CPU
		{40B8F88F-6FA0-4605-AF2E-A88218584C1A}.Release|Any CPU.Build.0 = Release|Any CPU
		{7099ECDB-B441-4082-96C8-D586A354AACF}.Debug|Any CPU.ActiveCfg = Debug|Any CPU
		{7099ECDB-B441-4082-96C8-D586A354AACF}.Debug|Any CPU.Build.0 = Debug|Any CPU
		{7099ECDB-B441-4082-96C8-D586A354AACF}.Release|Any CPU.ActiveCfg = Release|Any CPU
		{7099ECDB-B441-4082-96C8-D586A354AACF}.Release|Any CPU.Build.0 = Release|Any CPU
		{A76270A3-13A3-4FCE-BE75-0C3DFC7A6BE6}.Debug|Any CPU.ActiveCfg = Debug|Any CPU
		{A76270A3-13A3-4FCE-BE75-0C3DFC7A6BE6}.Debug|Any CPU.Build.0 = Debug|Any CPU
		{A76270A3-13A3-4FCE-BE75-0C3DFC7A6BE6}.Release|Any CPU.ActiveCfg = Release|Any CPU
		{A76270A3-13A3-4FCE-BE75-0C3DFC7A6BE6}.Release|Any CPU.Build.0 = Release|Any CPU
	EndGlobalSection
	GlobalSection(SolutionProperties) = preSolution
		HideSolutionNode = FALSE
	EndGlobalSection
	GlobalSection(NestedProjects) = preSolution
		{1F385146-222E-403F-A54B-EA026AD9BE1D} = {296C342B-806F-460E-A1AD-43C8A5570BD8}
		{35950D56-C411-485E-9FE9-979DCD22468B} = {8D975DA9-1047-4B87-9BD1-942018270E11}
		{6206E65B-25E0-4321-B549-3DE16B5BCB63} = {547BFAC2-0A46-4DAE-B3F7-1B24CA168A72}
		{E9013795-FA97-42D4-A5CF-C6042F37A7D6} = {547BFAC2-0A46-4DAE-B3F7-1B24CA168A72}
		{9CEDFE05-69F9-4BD5-A592-78919E2C5583} = {547BFAC2-0A46-4DAE-B3F7-1B24CA168A72}
		{15CF17A7-689D-4919-9643-C5CAE2A5F5E2} = {A18F5E67-5823-4981-BF82-2C7D13C9D654}
		{1A448FEF-69BD-44CA-A4BC-0FA103420EF1} = {A18F5E67-5823-4981-BF82-2C7D13C9D654}
		{FA94D4A4-7B45-4D48-A91E-CE706015EA96} = {A18F5E67-5823-4981-BF82-2C7D13C9D654}
		{56B61C66-200F-4F88-9286-40E1E844D4F9} = {82EDDED6-ECB4-455D-86F0-B7CEAE4A31F0}
		{B6C71A72-58E0-4AE3-A83B-E28E2045BB6E} = {82EDDED6-ECB4-455D-86F0-B7CEAE4A31F0}
		{E6C649DB-0107-4E05-9FA5-EBF2EF6E91B4} = {82EDDED6-ECB4-455D-86F0-B7CEAE4A31F0}
		{27A43917-A157-4B51-8E92-F4A2CA5BF50B} = {D77701F3-186D-43E0-8888-346E7EAF5DF7}
		{3D6820C4-9518-4B37-A112-DFF7D8588D59} = {D77701F3-186D-43E0-8888-346E7EAF5DF7}
		{2ABC3DBD-9756-4273-A28E-1930E3DB8A87} = {D77701F3-186D-43E0-8888-346E7EAF5DF7}
		{5FBCCF9D-15FE-4AD6-8679-3973876C03C6} = {0B475725-63AA-488F-9D1F-932408873404}
		{E4CE2B1A-8DDF-4D24-84DA-7E5B471AA379} = {0B475725-63AA-488F-9D1F-932408873404}
		{1232C7FF-2007-48A2-9309-272C639DFADB} = {0B475725-63AA-488F-9D1F-932408873404}
		{40B8F88F-6FA0-4605-AF2E-A88218584C1A} = {14E0DB30-4F9F-4554-9FE2-5B8DBD115524}
		{7099ECDB-B441-4082-96C8-D586A354AACF} = {14E0DB30-4F9F-4554-9FE2-5B8DBD115524}
		{A76270A3-13A3-4FCE-BE75-0C3DFC7A6BE6} = {14E0DB30-4F9F-4554-9FE2-5B8DBD115524}
	EndGlobalSection
	GlobalSection(ExtensibilityGlobals) = postSolution
		SolutionGuid = {B250B2D0-C11F-4384-AB4B-DC74F703CE05}
	EndGlobalSection
EndGlobal
